
Microsoft Visual Studio Solution File, Format Version 12.00
# Visual Studio 15
VisualStudioVersion = 15.0.28307.705
MinimumVisualStudioVersion = 10.0.40219.1
Project("{FAE04EC0-301F-11D3-BF4B-00C04F79EFBC}") = "FlowMeter_Monitor", "FlowMeter_Monitor\FlowMeter_Monitor.csproj", "{52D1906D-776E-42CF-9751-86B5F0FBFB90}"
EndProject
Project("{FAE04EC0-301F-11D3-BF4B-00C04F79EFBC}") = "Common", "Common\Common.csproj", "{C0A18EF7-9CBF-4E2C-A296-21683564C70F}"
EndProject
Project("{FAE04EC0-301F-11D3-BF4B-00C04F79EFBC}") = "DAL", "DAL\DAL.csproj", "{AC580FC9-B9D6-4595-BA7D-EAE730948FE2}"
EndProject
Project("{FAE04EC0-301F-11D3-BF4B-00C04F79EFBC}") = "Models", "Models\Models.csproj", "{96A09EC5-BE3C-48B8-ABE6-C90FB5CA599C}"
EndProject
Global
	GlobalSection(SolutionConfigurationPlatforms) = preSolution
		Debug|Any CPU = Debug|Any CPU
		Release|Any CPU = Release|Any CPU
	EndGlobalSection
	GlobalSection(ProjectConfigurationPlatforms) = postSolution
		{52D1906D-776E-42CF-9751-86B5F0FBFB90}.Debug|Any CPU.ActiveCfg = Debug|Any CPU
		{52D1906D-776E-42CF-9751-86B5F0FBFB90}.Debug|Any CPU.Build.0 = Debug|Any CPU
		{52D1906D-776E-42CF-9751-86B5F0FBFB90}.Release|Any CPU.ActiveCfg = Release|Any CPU
		{52D1906D-776E-42CF-9751-86B5F0FBFB90}.Release|Any CPU.Build.0 = Release|Any CPU
		{C0A18EF7-9CBF-4E2C-A296-21683564C70F}.Debug|Any CPU.ActiveCfg = Debug|Any CPU
		{C0A18EF7-9CBF-4E2C-A296-21683564C70F}.Debug|Any CPU.Build.0 = Debug|Any CPU
		{C0A18EF7-9CBF-4E2C-A296-21683564C70F}.Release|Any CPU.ActiveCfg = Release|Any CPU
		{C0A18EF7-9CBF-4E2C-A296-21683564C70F}.Release|Any CPU.Build.0 = Release|Any CPU
		{AC580FC9-B9D6-4595-BA7D-EAE730948FE2}.Debug|Any CPU.ActiveCfg = Debug|Any CPU
		{AC580FC9-B9D6-4595-BA7D-EAE730948FE2}.Debug|Any CPU.Build.0 = Debug|Any CPU
		{AC580FC9-B9D6-4595-BA7D-EAE730948FE2}.Release|Any CPU.ActiveCfg = Release|Any CPU
		{AC580FC9-B9D6-4595-BA7D-EAE730948FE2}.Release|Any CPU.Build.0 = Release|Any CPU
		{96A09EC5-BE3C-48B8-ABE6-C90FB5CA599C}.Debug|Any CPU.ActiveCfg = Debug|Any CPU
		{96A09EC5-BE3C-48B8-ABE6-C90FB5CA599C}.Debug|Any CPU.Build.0 = Debug|Any CPU
		{96A09EC5-BE3C-48B8-ABE6-C90FB5CA599C}.Release|Any CPU.ActiveCfg = Release|Any CPU
		{96A09EC5-BE3C-48B8-ABE6-C90FB5CA599C}.Release|Any CPU.Build.0 = Release|Any CPU
	EndGlobalSection
	GlobalSection(SolutionProperties) = preSolution
		HideSolutionNode = FALSE
	EndGlobalSection
	GlobalSection(ExtensibilityGlobals) = postSolution
		SolutionGuid = {490CA1A0-6188-4F1B-9075-751873BB8E42}
	EndGlobalSection
EndGlobal
